
Microsoft Visual Studio Solution File, Format Version 12.00
# Visual Studio 2012
Project("{FAE04EC0-301F-11D3-BF4B-00C04F79EFBC}") = "ISU", "ISU\ISU.csproj", "{C77F4A40-5180-4539-9E0A-2CDE8694036D}"
EndProject
Global
	GlobalSection(SolutionConfigurationPlatforms) = preSolution
		Debug|Any CPU = Debug|Any CPU
		Release|Any CPU = Release|Any CPU
	EndGlobalSection
	GlobalSection(ProjectConfigurationPlatforms) = postSolution
		{C77F4A40-5180-4539-9E0A-2CDE8694036D}.Debug|Any CPU.ActiveCfg = Debug|Any CPU
		{C77F4A40-5180-4539-9E0A-2CDE8694036D}.Debug|Any CPU.Build.0 = Debug|Any CPU
		{C77F4A40-5180-4539-9E0A-2CDE8694036D}.Release|Any CPU.ActiveCfg = Release|Any CPU
		{C77F4A40-5180-4539-9E0A-2CDE8694036D}.Release|Any CPU.Build.0 = Release|Any CPU
	EndGlobalSection
	GlobalSection(SolutionProperties) = preSolution
		HideSolutionNode = FALSE
	EndGlobalSection
EndGlobal
